PODS:
  - Crashlytics (3.7.0):
    - Fabric (~> 1.6.3)
  - Fabric (1.6.7)
  - QuadratTouch (1.1.1)
  - R.swift (1.4.1):
    - R.swift.Library (~> 1.2.1)
  - R.swift.Library (1.2.1)
  - Realm (0.98.5):
    - Realm/Headers (= 0.98.5)
  - Realm/Headers (0.98.5)
  - RealmSwift (0.98.5):
    - Realm (= 0.98.5)

DEPENDENCIES:
  - Crashlytics
  - Fabric
  - QuadratTouch (>= 1.0)
  - R.swift
  - RealmSwift

SPEC CHECKSUMS:
  Crashlytics: c3a2333dea9e2733d2777f730910321fc9e25c0d
  Fabric: caf7580c725e64db144f610ac65cd60956911dc7
  QuadratTouch: 296d83c63a4328f6f40af9fc728fe24f0e3b00d4
  R.swift: 5b5ecb904cd448cfdacd3b0eca4f470b46f5dbdd
  R.swift.Library: 811be8902fe0ec3bc717b9affe5c6029b84dd361
  Realm: db08379969e45cea2edd1c3c0a090fe9e22d2d2f
  RealmSwift: cb11ad1c35e15dc982f2dbf5afe2a3124193a358

COCOAPODS: 0.39.0
